
Microsoft Visual Studio Solution File, Format Version 12.00
# Visual Studio Version 17
VisualStudioVersion = 17.0.32112.339
MinimumVisualStudioVersion = 10.0.40219.1
Project("{9A19103F-16F7-4668-BE54-9A1E7A4F7556}") = "GRG006NUnitAndMoqAsAHabit", "GRG006NUnitAndMoqAsAHabit.csproj", "{15E0F3A1-960F-4619-890C-0B7DF93E08F5}"
EndProject
Global
	GlobalSection(SolutionConfigurationPlatforms) = preSolution
		Debug|Any CPU = Debug|Any CPU
		Release|Any CPU = Release|Any CPU
	EndGlobalSection
	GlobalSection(ProjectConfigurationPlatforms) = postSolution
		{15E0F3A1-960F-4619-890C-0B7DF93E08F5}.Debug|Any CPU.ActiveCfg = Debug|Any CPU
		{15E0F3A1-960F-4619-890C-0B7DF93E08F5}.Debug|Any CPU.Build.0 = Debug|Any CPU
		{15E0F3A1-960F-4619-890C-0B7DF93E08F5}.Release|Any CPU.ActiveCfg = Release|Any CPU
		{15E0F3A1-960F-4619-890C-0B7DF93E08F5}.Release|Any CPU.Build.0 = Release|Any CPU
	EndGlobalSection
	GlobalSection(SolutionProperties) = preSolution
		HideSolutionNode = FALSE
	EndGlobalSection
	GlobalSection(ExtensibilityGlobals) = postSolution
		SolutionGuid = {89113CAA-6E05-48DE-ADD1-A2546BB802F8}
	EndGlobalSection
EndGlobal
